github.com/brianvoe/gofakeit/v6 v6.18.0 h1:tDQ4zJVFQHaJKvY9xYSqGN4S7noZU/doFn15/aNbhCU=
github.com/brianvoe/gofakeit/v6 v6.18.0/go.mod h1:Ow6qC71xtwm79anlwKRlWZW6zVq9D2XHE4QSSMP/rU8=
github.com/davecgh/go-spew v1.1.0/go.mod h1:J7Y8YcW2NihsgmVo/mv3lAwl/skON4iLHjSsI+c5H38=
github.com/davecgh/go-spew v1.1.1 h1:vj9j/u1bqnvCEfJOwUhtlOARqs3+rkHYY13jYWTU97c=
github.com/davecgh/go-spew v1.1.1/go.mod h1:J7Y8YcW2NihsgmVo/mv3lAwl/skON4iLHjSsI+c5H38=
github.com/jinzhu/inflection v1.0.0 h1:K317FqzuhWc8YvSVlFMCCUb36O/S9MCKRDI7QkRKD/E=
github.com/jinzhu/inflection v1.0.0/go.mod h1:h+uFLlag+Qp1Va5pdKtLDYj+kHp5pxUVkryuEj+Srlc=
github.com/jinzhu/now v1.1.2/go.mod h1:d3SSVoowX0Lcu0IBviAWJpolVfI5UJVZZ7cO71lE/z8=
github.com/jinzhu/now v1.1.4 h1:tHnRBy1i5F2Dh8BAFxqFzxKqqvezXrL2OW1TnX+Mlas=
github.com/jinzhu/now v1.1.4/go.mod h1:d3SSVoowX0Lcu0IBviAWJpolVfI5UJVZZ7cO71lE/z8=
github.com/mattn/go-sqlite3 v1.14.9 h1:10HX2Td0ocZpYEjhilsuo6WWtUqttj2Kb0KtD86/KYA=
github.com/mattn/go-sqlite3 v1.14.9/go.mod h1:NyWgC/yNuGj7Q9rpYnZvas74GogHl5/Z4A/KQRfk6bU=
github.com/mgholam/rdblite v0.0.0-20220810074639-074fd160e6b3 h1:89b/c7bEyuEDiamBTn9nUy+YNWVhCLRhcHWbRO4l8g4=
github.com/mgholam/rdblite v0.0.0-20220810074639-074fd160e6b3/go.mod h1:/7WvZQjV58WEp1RrJEglvSEg89gNKXlAlzKmHtDMdWo=
github.com/mgholam/rdblite v0.0.0-20220811123924-02424f0c1f29 h1:hEuGTvorT2nS0LlJ2rIwnascPfsBvYkz0l4ACnFJlL4=
github.com/mgholam/rdblite v0.0.0-20220811123924-02424f0c1f29/go.mod h1:/7WvZQjV58WEp1RrJEglvSEg89gNKXlAlzKmHtDMdWo=
github.com/mgholam/rdblite v0.0.0-20220812084900-89c3ab4bec04 h1:gUcI2I4oTDfcpkPYklGlppfx2kEPNtRLTPhNrlq5+Co=
github.com/mgholam/rdblite v0.0.0-20220812084900-89c3ab4bec04/go.mod h1:/7WvZQjV58WEp1RrJEglvSEg89gNKXlAlzKmHtDMdWo=
github.com/mgholam/rdblite v0.0.0-20220812164956-85a3564bf260 h1:JIF3vQfGvpaGTKSxkgpEoP7HUJ27MQHWfaI2caF2xVE=
github.com/mgholam/rdblite v0.0.0-20220812164956-85a3564bf260/go.mod h1:/7WvZQjV58WEp1RrJEglvSEg89gNKXlAlzKmHtDMdWo=
github.com/mgholam/rdblite v0.0.0-20220813040729-1c460baba214 h1:4mQsjFj6dGgorXB/U0qrUZCalNL84i81OUTV2HGATsk=
github.com/mgholam/rdblite v0.0.0-20220813040729-1c460baba214/go.mod h1:/7WvZQjV58WEp1RrJEglvSEg89gNKXlAlzKmHtDMdWo=
github.com/mgholam/rdblite v0.0.0-20220814143505-558dd474bfe2 h1:yvM5jXa+CJggQuwUfIDtTEdqZvpOxx1G04xvgYciuqk=
github.com/mgholam/rdblite v0.0.0-20220814143505-558dd474bfe2/go.mod h1:/7WvZQjV58WEp1RrJEglvSEg89gNKXlAlzKmHtDMdWo=
github.com/mgholam/rdblite v0.0.0-20220815140134-cb26caafb71b h1:rzxZEwTHQ5+N0MB3YTVUmFZB8vIAgIDB7MRe77AeQNk=
github.com/mgholam/rdblite v0.0.0-20220815140134-cb26caafb71b/go.mod h1:/7WvZQjV58WEp1RrJEglvSEg89gNKXlAlzKmHtDMdWo=
github.com/pmezard/go-difflib v1.0.0 h1:4DBwDE0NGyQoBHbLQYPwSUPoCMWR5BEzIk/f1lZbAQM=
github.com/pmezard/go-difflib v1.0.0/go.mod h1:iKH77koFhYxTK1pcRnkKkqfTogsbg7gZNVY4sRDYZ/4=
github.com/stretchr/objx v0.1.0/go.mod h1:HFkY916IF+rwdDfMAkV7OtwuqBVzrE8GR6GFx+wExME=
github.com/stretchr/testify v1.7.0 h1:nwc3DEeHmmLAfoZucVR881uASk0Mfjw8xYJ99tb5CcY=
github.com/stretchr/testify v1.7.0/go.mod h1:6Fq8oRcR53rry900zMqJjRRixrwX3KX962/h/Wwjteg=
gopkg.in/check.v1 v0.0.0-20161208181325-20d25e280405/go.mod h1:Co6ibVJAznAaIkqp8huTwlJQCZ016jof/cbN4VW5Yz0=
gopkg.in/yaml.v3 v3.0.0-20200313102051-9f266ea9e77c h1:dUUwHk2QECo/6vqA44rthZ8ie2QXMNeKRTHCNY2nXvo=
gopkg.in/yaml.v3 v3.0.0-20200313102051-9f266ea9e77c/go.mod h1:K4uyk7z7BCEPqu6E+C64Yfv1cQ7kz7rIZviUmN+EgEM=
gorm.io/driver/sqlite v1.2.6 h1:SStaH/b+280M7C8vXeZLz/zo9cLQmIGwwj3cSj7p6l4=
gorm.io/driver/sqlite v1.2.6/go.mod h1:gyoX0vHiiwi0g49tv+x2E7l8ksauLK0U/gShcdUsjWY=
gorm.io/gorm v1.22.3/go.mod h1:F+OptMscr0P2F2qU97WT1WimdH9GaQPoDW7AYd5i2Y0=
gorm.io/gorm v1.22.5-0.20211210095019-adf8f70f06d9 h1:MFK0xk/N3pUCrQSjOND6d2HMCbP/nj1fLH+m8j+g9NQ=
gorm.io/gorm v1.22.5-0.20211210095019-adf8f70f06d9/go.mod h1:l2lP/RyAtc1ynaTjFksBde/O8v9oOGIApu2/xRitmZk=
